{
  "requires": true,
  "lockfileVersion": 1,
  "dependencies": {
    "@angular/animations": {
      "version": "6.1.3",
      "resolved": "https://registry.npmjs.org/@angular/animations/-/animations-6.1.3.tgz",
      "integrity": "sha512-uLKq+bdfo+/jLW/C6lkUVsB7m+e8j18MjZGHlphI07jW6KvutX+AXdPUI/RMkkWRjZp11aF727PAQ6y3DyqB+Q==",
      "requires": {
        "tslib": "1.9.3"
      }
    },
    "angular-weather-widget": {
      "version": "1.2.4",
      "resolved": "https://registry.npmjs.org/angular-weather-widget/-/angular-weather-widget-1.2.4.tgz",
      "integrity": "sha512-c3SLh8P2diY+En8VCzVldVt+jYy6mt0YVBEv2Ux68rC27cjgN3veXj2Q/F8MODAOXbDW0Q1iUzbgkex/EQ8dQw=="
    },
    "flatpickr": {
      "version": "4.5.1",
      "resolved": "https://registry.npmjs.org/flatpickr/-/flatpickr-4.5.1.tgz",
      "integrity": "sha512-dsLTFmRg6mlqYfJ35A7gLlbq+8fOqRty3cWncl6rwU4pMe//i0WKxKLVyBbSYAZry93Lg+yqsOph9haltcxCqQ=="
    },
    "tslib": {
      "version": "1.9.3",
      "resolved": "https://registry.npmjs.org/tslib/-/tslib-1.9.3.tgz",
      "integrity": "sha512-4krF8scpejhaOgqzBEcGM7yDIEfi0/8+8zDRZhNZZ2kjmHJ4hv3zCbQWxoJGz1iw5U0Jl0nma13xzHXcncMavQ=="
    }
  }
}
